github.com/superradcompany/microsandbox/sdk/go v0.7.3 h1:WDHuYLCYXbF3jXfERzDNNLiy2XrX/bsk2Vs9/tWvisc=
github.com/superradcompany/microsandbox/sdk/go v0.7.3/go.mod h1:p7Tm/p9zkO7sHO3N8A1fiTVeLB2w/fQoKdYlpN/5neA=
golang.org/x/sys v0.44.0 h1:ildZl3J4uzeKP07r2F++Op7E9B29JRUy+a27EibtBTQ=
golang.org/x/sys v0.44.0/go.mod h1:4GL1E5IUh+htKOUEOaiffhrAeqysfVGipDYzABqnCmw=
golang.org/x/term v0.27.0 h1:WP60Sv1nlK1T6SupCHbXzSaN0b9wUmsPoRS9b61A23Q=
golang.org/x/term v0.27.0/go.mod h1:iMsnZpn0cago0GOrHO2+Y7u7JPn5AylBrcoWkElMTSM=
